// !$*UTF8*$!
{
	archiveVersion = 1;
	classes = {
	};
	objectVersion = 56;
	objects = {

/* Begin PBXBuildFile section */
		D2D88E82299B33EC00979500 /* YiTVLinkSDKDemoAPPApp.swift in Sources */ = {isa = PBXBuildFile; fileRef = D2D88E81299B33EC00979500 /* YiTVLinkSDKDemoAPPApp.swift */; };
		D2D88E86299B33ED00979500 /* Assets.xcassets in Resources */ = {isa = PBXBuildFile; fileRef = D2D88E85299B33ED00979500 /* Assets.xcassets */; };
		D2D88E89299B33ED00979500 /* Preview Assets.xcassets in Resources */ = {isa = PBXBuildFile; fileRef = D2D88E88299B33ED00979500 /* Preview Assets.xcassets */; };
		D2D88E91299B345D00979500 /* YiTVLinkSDK in Frameworks */ = {isa = PBXBuildFile; productRef = D2D88E90299B345D00979500 /* YiTVLinkSDK */; };
		D2D88E98299B36A000979500 /* DeviceView.swift in Sources */ = {isa = PBXBuildFile; fileRef = D2D88E92299B369F00979500 /* DeviceView.swift */; };
		D2D88E9A299B36A000979500 /* LogView.swift in Sources */ = {isa = PBXBuildFile; fileRef = D2D88E94299B36A000979500 /* LogView.swift */; };
		D2D88E9B299B36A000979500 /* ActionView.swift in Sources */ = {isa = PBXBuildFile; fileRef = D2D88E95299B36A000979500 /* ActionView.swift */; };
		D2D88E9C299B36A000979500 /* ContentView.swift in Sources */ = {isa = PBXBuildFile; fileRef = D2D88E96299B36A000979500 /* ContentView.swift */; };
		D2D88E9D299B36A000979500 /* AppViewModel.swift in Sources */ = {isa = PBXBuildFile; fileRef = D2D88E97299B36A000979500 /* AppViewModel.swift */; };
/* End PBXBuildFile section */

/* Begin PBXFileReference section */
		D2D88E7E299B33EC00979500 /* YiTVLinkSDKDemoAPP.app */ = {isa = PBXFileReference; explicitFileType = wrapper.application; includeInIndex = 0; path = YiTVLinkSDKDemoAPP.app; sourceTree = BUILT_PRODUCTS_DIR; };
		D2D88E81299B33EC00979500 /* YiTVLinkSDKDemoAPPApp.swift */ = {isa = PBXFileReference; lastKnownFileType = sourcecode.swift; path = YiTVLinkSDKDemoAPPApp.swift; sourceTree = "<group>"; };
		D2D88E85299B33ED00979500 /* Assets.xcassets */ = {isa = PBXFileReference; lastKnownFileType = folder.assetcatalog; path = Assets.xcassets; sourceTree = "<group>"; };
		D2D88E88299B33ED00979500 /* Preview Assets.xcassets */ = {isa = PBXFileReference; lastKnownFileType = folder.assetcatalog; path = "Preview Assets.xcassets"; sourceTree = "<group>"; };
		D2D88E92299B369F00979500 /* DeviceView.swift */ = {isa = PBXFileReference; fileEncoding = 4; lastKnownFileType = sourcecode.swift; path = DeviceView.swift; sourceTree = "<group>"; };
		D2D88E94299B36A000979500 /* LogView.swift */ = {isa = PBXFileReference; fileEncoding = 4; lastKnownFileType = sourcecode.swift; path = LogView.swift; sourceTree = "<group>"; };
		D2D88E95299B36A000979500 /* ActionView.swift */ = {isa = PBXFileReference; fileEncoding = 4; lastKnownFileType = sourcecode.swift; path = ActionView.swift; sourceTree = "<group>"; };
		D2D88E96299B36A000979500 /* ContentView.swift */ = {isa = PBXFileReference; fileEncoding = 4; lastKnownFileType = sourcecode.swift; name = ContentView.swift; path = ../../YiMultiLink_IOS/YiMultiLink_iOS/YiTVLinkTestApp/ContentView.swift; sourceTree = "<group>"; };
		D2D88E97299B36A000979500 /* AppViewModel.swift */ = {isa = PBXFileReference; fileEncoding = 4; lastKnownFileType = sourcecode.swift; path = AppViewModel.swift; sourceTree = "<group>"; };
/* End PBXFileReference section */

/* Begin PBXFrameworksBuildPhase section */
		D2D88E7B299B33EC00979500 /* Frameworks */ = {
			isa = PBXFrameworksBuildPhase;
			buildActionMask = 2147483647;
			files = (
				D2D88E91299B345D00979500 /* YiTVLinkSDK in Frameworks */,
			);
			runOnlyForDeploymentPostprocessing = 0;
		};
/* End PBXFrameworksBuildPhase section */

/* Begin PBXGroup section */
		D2D88E75299B33EC00979500 = {
			isa = PBXGroup;
			children = (
				D2D88E80299B33EC00979500 /* YiTVLinkSDKDemoAPP */,
				D2D88E7F299B33EC00979500 /* Products */,
			);
			sourceTree = "<group>";
		};
		D2D88E7F299B33EC00979500 /* Products */ = {
			isa = PBXGroup;
			children = (
				D2D88E7E299B33EC00979500 /* YiTVLinkSDKDemoAPP.app */,
			);
			name = Products;
			sourceTree = "<group>";
		};
		D2D88E80299B33EC00979500 /* YiTVLinkSDKDemoAPP */ = {
			isa = PBXGroup;
			children = (
				D2D88E81299B33EC00979500 /* YiTVLinkSDKDemoAPPApp.swift */,
				D2D88E97299B36A000979500 /* AppViewModel.swift */,
				D2D88E95299B36A000979500 /* ActionView.swift */,
				D2D88E96299B36A000979500 /* ContentView.swift */,
				D2D88E92299B369F00979500 /* DeviceView.swift */,
				D2D88E94299B36A000979500 /* LogView.swift */,
				D2D88E85299B33ED00979500 /* Assets.xcassets */,
				D2D88E87299B33ED00979500 /* Preview Content */,
			);
			path = YiTVLinkSDKDemoAPP;
			sourceTree = "<group>";
		};
		D2D88E87299B33ED00979500 /* Preview Content */ = {
			isa = PBXGroup;
			children = (
				D2D88E88299B33ED00979500 /* Preview Assets.xcassets */,
			);
			path = "Preview Content";
			sourceTree = "<group>";
		};
/* End PBXGroup section */

/* Begin PBXNativeTarget section */
		D2D88E7D299B33EC00979500 /* YiTVLinkSDKDemoAPP */ = {
			isa = PBXNativeTarget;
			buildConfigurationList = D2D88E8C299B33ED00979500 /* Build configuration list for PBXNativeTarget "YiTVLinkSDKDemoAPP" */;
			buildPhases = (
				D2D88E7A299B33EC00979500 /* Sources */,
				D2D88E7B299B33EC00979500 /* Frameworks */,
				D2D88E7C299B33EC00979500 /* Resources */,
			);
			buildRules = (
			);
			dependencies = (
			);
			name = YiTVLinkSDKDemoAPP;
			packageProductDependencies = (
				D2D88E90299B345D00979500 /* YiTVLinkSDK */,
			);
			productName = YiTVLinkSDKDemoAPP;
			productReference = D2D88E7E299B33EC00979500 /* YiTVLinkSDKDemoAPP.app */;
			productType = "com.apple.product-type.application";
		};
/* End PBXNativeTarget section */

/* Begin PBXProject section */
		D2D88E76299B33EC00979500 /* Project object */ = {
			isa = PBXProject;
			attributes = {
				BuildIndependentTargetsInParallel = 1;
				LastSwiftUpdateCheck = 1420;
				LastUpgradeCheck = 1420;
				TargetAttributes = {
					D2D88E7D299B33EC00979500 = {
						CreatedOnToolsVersion = 14.2;
					};
				};
			};
			buildConfigurationList = D2D88E79299B33EC00979500 /* Build configuration list for PBXProject "YiTVLinkSDKDemoAPP" */;
			compatibilityVersion = "Xcode 14.0";
			developmentRegion = en;
			hasScannedForEncodings = 0;
			knownRegions = (
				en,
				Base,
			);
			mainGroup = D2D88E75299B33EC00979500;
			packageReferences = (
				D2D88E8F299B345D00979500 /* XCRemoteSwiftPackageReference "YiTVLinkSDK" */,
			);
			productRefGroup = D2D88E7F299B33EC00979500 /* Products */;
			projectDirPath = "";
			projectRoot = "";
			targets = (
				D2D88E7D299B33EC00979500 /* YiTVLinkSDKDemoAPP */,
			);
		};
/* End PBXProject section */

/* Begin PBXResourcesBuildPhase section */
		D2D88E7C299B33EC00979500 /* Resources */ = {
			isa = PBXResourcesBuildPhase;
			buildActionMask = 2147483647;
			files = (
				D2D88E89299B33ED00979500 /* Preview Assets.xcassets in Resources */,
				D2D88E86299B33ED00979500 /* Assets.xcassets in Resources */,
			);
			runOnlyForDeploymentPostprocessing = 0;
		};
/* End PBXResourcesBuildPhase section */

/* Begin PBXSourcesBuildPhase section */
		D2D88E7A299B33EC00979500 /* Sources */ = {
			isa = PBXSourcesBuildPhase;
			buildActionMask = 2147483647;
			files = (
				D2D88E9B299B36A000979500 /* ActionView.swift in Sources */,
				D2D88E9D299B36A000979500 /* AppViewModel.swift in Sources */,
				D2D88E9C299B36A000979500 /* ContentView.swift in Sources */,
				D2D88E9A299B36A000979500 /* LogView.swift in Sources */,
				D2D88E82299B33EC00979500 /* YiTVLinkSDKDemoAPPApp.swift in Sources */,
				D2D88E98299B36A000979500 /* DeviceView.swift in Sources */,
			);
			runOnlyForDeploymentPostprocessing = 0;
		};
/* End PBXSourcesBuildPhase section */

/* Begin XCBuildConfiguration section */
		D2D88E8A299B33ED00979500 /* Debug */ = {
			isa = XCBuildConfiguration;
			buildSettings = {
				ALWAYS_SEARCH_USER_PATHS = NO;
				CLANG_ANALYZER_NONNULL = YES;
				CLANG_ANALYZER_NUMBER_OBJECT_CONVERSION = YES_AGGRESSIVE;
				CLANG_CXX_LANGUAGE_STANDARD = "gnu++20";
				CLANG_ENABLE_MODULES = YES;
				CLANG_ENABLE_OBJC_ARC = YES;
				CLANG_ENABLE_OBJC_WEAK = YES;
				CLANG_WARN_BLOCK_CAPTURE_AUTORELEASING = YES;
				CLANG_WARN_BOOL_CONVERSION = YES;
				CLANG_WARN_COMMA = YES;
				CLANG_WARN_CONSTANT_CONVERSION = YES;
				CLANG_WARN_DEPRECATED_OBJC_IMPLEMENTATIONS = YES;
				CLANG_WARN_DIRECT_OBJC_ISA_USAGE = YES_ERROR;
				CLANG_WARN_DOCUMENTATION_COMMENTS = YES;
				CLANG_WARN_EMPTY_BODY = YES;
				CLANG_WARN_ENUM_CONVERSION = YES;
				CLANG_WARN_INFINITE_RECURSION = YES;
				CLANG_WARN_INT_CONVERSION = YES;
				CLANG_WARN_NON_LITERAL_NULL_CONVERSION = YES;
				CLANG_WARN_OBJC_IMPLICIT_RETAIN_SELF = YES;
				CLANG_WARN_OBJC_LITERAL_CONVERSION = YES;
				CLANG_WARN_OBJC_ROOT_CLASS = YES_ERROR;
				CLANG_WARN_QUOTED_INCLUDE_IN_FRAMEWORK_HEADER = YES;
				CLANG_WARN_RANGE_LOOP_ANALYSIS = YES;
				CLANG_WARN_STRICT_PROTOTYPES = YES;
				CLANG_WARN_SUSPICIOUS_MOVE = YES;
				CLANG_WARN_UNGUARDED_AVAILABILITY = YES_AGGRESSIVE;
				CLANG_WARN_UNREACHABLE_CODE = YES;
				CLANG_WARN__DUPLICATE_METHOD_MATCH = YES;
				COPY_PHASE_STRIP = NO;
				DEBUG_INFORMATION_FORMAT = dwarf;
				ENABLE_STRICT_OBJC_MSGSEND = YES;
				ENABLE_TESTABILITY = YES;
				GCC_C_LANGUAGE_STANDARD = gnu11;
				GCC_DYNAMIC_NO_PIC = NO;
				GCC_NO_COMMON_BLOCKS = YES;
				GCC_OPTIMIZATION_LEVEL = 0;
				GCC_PREPROCESSOR_DEFINITIONS = (
					"DEBUG=1",
					"$(inherited)",
				);
				GCC_WARN_64_TO_32_BIT_CONVERSION = YES;
				GCC_WARN_ABOUT_RETURN_TYPE = YES_ERROR;
				GCC_WARN_UNDECLARED_SELECTOR = YES;
				GCC_WARN_UNINITIALIZED_AUTOS = YES_AGGRESSIVE;
				GCC_WARN_UNUSED_FUNCTION = YES;
				GCC_WARN_UNUSED_VARIABLE = YES;
				IPHONEOS_DEPLOYMENT_TARGET = 16.2;
				MTL_ENABLE_DEBUG_INFO = INCLUDE_SOURCE;
				MTL_FAST_MATH = YES;
				ONLY_ACTIVE_ARCH = YES;
				SDKROOT = iphoneos;
				SWIFT_ACTIVE_COMPILATION_CONDITIONS = DEBUG;
				SWIFT_OPTIMIZATION_LEVEL = "-Onone";
			};
			name = Debug;
		};
		D2D88E8B299B33ED00979500 /* Release */ = {
			isa = XCBuildConfiguration;
			buildSettings = {
				ALWAYS_SEARCH_USER_PATHS = NO;
				CLANG_ANALYZER_NONNULL = YES;
				CLANG_ANALYZER_NUMBER_OBJECT_CONVERSION = YES_AGGRESSIVE;
				CLANG_CXX_LANGUAGE_STANDARD = "gnu++20";
				CLANG_ENABLE_MODULES = YES;
				CLANG_ENABLE_OBJC_ARC = YES;
				CLANG_ENABLE_OBJC_WEAK = YES;
				CLANG_WARN_BLOCK_CAPTURE_AUTORELEASING = YES;
				CLANG_WARN_BOOL_CONVERSION = YES;
				CLANG_WARN_COMMA = YES;
				CLANG_WARN_CONSTANT_CONVERSION = YES;
				CLANG_WARN_DEPRECATED_OBJC_IMPLEMENTATIONS = YES;
				CLANG_WARN_DIRECT_OBJC_ISA_USAGE = YES_ERROR;
				CLANG_WARN_DOCUMENTATION_COMMENTS = YES;
				CLANG_WARN_EMPTY_BODY = YES;
				CLANG_WARN_ENUM_CONVERSION = YES;
				CLANG_WARN_INFINITE_RECURSION = YES;
				CLANG_WARN_INT_CONVERSION = YES;
				CLANG_WARN_NON_LITERAL_NULL_CONVERSION = YES;
				CLANG_WARN_OBJC_IMPLICIT_RETAIN_SELF = YES;
				CLANG_WARN_OBJC_LITERAL_CONVERSION = YES;
				CLANG_WARN_OBJC_ROOT_CLASS = YES_ERROR;
				CLANG_WARN_QUOTED_INCLUDE_IN_FRAMEWORK_HEADER = YES;
				CLANG_WARN_RANGE_LOOP_ANALYSIS = YES;
				CLANG_WARN_STRICT_PROTOTYPES = YES;
				CLANG_WARN_SUSPICIOUS_MOVE = YES;
				CLANG_WARN_UNGUARDED_AVAILABILITY = YES_AGGRESSIVE;
				CLANG_WARN_UNREACHABLE_CODE = YES;
				CLANG_WARN__DUPLICATE_METHOD_MATCH = YES;
				COPY_PHASE_STRIP = NO;
				DEBUG_INFORMATION_FORMAT = "dwarf-with-dsym";
				ENABLE_NS_ASSERTIONS = NO;
				ENABLE_STRICT_OBJC_MSGSEND = YES;
				GCC_C_LANGUAGE_STANDARD = gnu11;
				GCC_NO_COMMON_BLOCKS = YES;
				GCC_WARN_64_TO_32_BIT_CONVERSION = YES;
				GCC_WARN_ABOUT_RETURN_TYPE = YES_ERROR;
				GCC_WARN_UNDECLARED_SELECTOR = YES;
				GCC_WARN_UNINITIALIZED_AUTOS = YES_AGGRESSIVE;
				GCC_WARN_UNUSED_FUNCTION = YES;
				GCC_WARN_UNUSED_VARIABLE = YES;
				IPHONEOS_DEPLOYMENT_TARGET = 16.2;
				MTL_ENABLE_DEBUG_INFO = NO;
				MTL_FAST_MATH = YES;
				SDKROOT = iphoneos;
				SWIFT_COMPILATION_MODE = wholemodule;
				SWIFT_OPTIMIZATION_LEVEL = "-O";
				VALIDATE_PRODUCT = YES;
			};
			name = Release;
		};
		D2D88E8D299B33ED00979500 /* Debug */ = {
			isa = XCBuildConfiguration;
			buildSettings = {
				ASSETCATALOG_COMPILER_APPICON_NAME = AppIcon;
				ASSETCATALOG_COMPILER_GLOBAL_ACCENT_COLOR_NAME = AccentColor;
				CODE_SIGN_STYLE = Automatic;
				CURRENT_PROJECT_VERSION = 1;
				DEVELOPMENT_ASSET_PATHS = "\"YiTVLinkSDKDemoAPP/Preview Content\"";
				DEVELOPMENT_TEAM = M9X4Q7NPJT;
				ENABLE_PREVIEWS = YES;
				GENERATE_INFOPLIST_FILE = YES;
				INFOPLIST_KEY_UIApplicationSceneManifest_Generation = YES;
				INFOPLIST_KEY_UIApplicationSupportsIndirectInputEvents = YES;
				INFOPLIST_KEY_UILaunchScreen_Generation = YES;
				INFOPLIST_KEY_UISupportedInterfaceOrientations_iPad = "UIInterfaceOrientationPortrait UIInterfaceOrientationPortraitUpsideDown UIInterfaceOrientationLandscapeLeft UIInterfaceOrientationLandscapeRight";
				INFOPLIST_KEY_UISupportedInterfaceOrientations_iPhone = "UIInterfaceOrientationPortrait UIInterfaceOrientationLandscapeLeft UIInterfaceOrientationLandscapeRight";
				LD_RUNPATH_SEARCH_PATHS = (
					"$(inherited)",
					"@executable_path/Frameworks",
				);
				MARKETING_VERSION = 1.0;
				PRODUCT_BUNDLE_IDENTIFIER = com.konka.et.YiTVLinkSDKDemoAPP;
				PRODUCT_NAME = "$(TARGET_NAME)";
				SWIFT_EMIT_LOC_STRINGS = YES;
				SWIFT_VERSION = 5.0;
				TARGETED_DEVICE_FAMILY = "1,2";
			};
			name = Debug;
		};
		D2D88E8E299B33ED00979500 /* Release */ = {
			isa = XCBuildConfiguration;
			buildSettings = {
				ASSETCATALOG_COMPILER_APPICON_NAME = AppIcon;
				ASSETCATALOG_COMPILER_GLOBAL_ACCENT_COLOR_NAME = AccentColor;
				CODE_SIGN_STYLE = Automatic;
				CURRENT_PROJECT_VERSION = 1;
				DEVELOPMENT_ASSET_PATHS = "\"YiTVLinkSDKDemoAPP/Preview Content\"";
				DEVELOPMENT_TEAM = M9X4Q7NPJT;
				ENABLE_PREVIEWS = YES;
				GENERATE_INFOPLIST_FILE = YES;
				INFOPLIST_KEY_UIApplicationSceneManifest_Generation = YES;
				INFOPLIST_KEY_UIApplicationSupportsIndirectInputEvents = YES;
				INFOPLIST_KEY_UILaunchScreen_Generation = YES;
				INFOPLIST_KEY_UISupportedInterfaceOrientations_iPad = "UIInterfaceOrientationPortrait UIInterfaceOrientationPortraitUpsideDown UIInterfaceOrientationLandscapeLeft UIInterfaceOrientationLandscapeRight";
				INFOPLIST_KEY_UISupportedInterfaceOrientations_iPhone = "UIInterfaceOrientationPortrait UIInterfaceOrientationLandscapeLeft UIInterfaceOrientationLandscapeRight";
				LD_RUNPATH_SEARCH_PATHS = (
					"$(inherited)",
					"@executable_path/Frameworks",
				);
				MARKETING_VERSION = 1.0;
				PRODUCT_BUNDLE_IDENTIFIER = com.konka.et.YiTVLinkSDKDemoAPP;
				PRODUCT_NAME = "$(TARGET_NAME)";
				SWIFT_EMIT_LOC_STRINGS = YES;
				SWIFT_VERSION = 5.0;
				TARGETED_DEVICE_FAMILY = "1,2";
			};
			name = Release;
		};
/* End XCBuildConfiguration section */

/* Begin XCConfigurationList section */
		D2D88E79299B33EC00979500 /* Build configuration list for PBXProject "YiTVLinkSDKDemoAPP" */ = {
			isa = XCConfigurationList;
			buildConfigurations = (
				D2D88E8A299B33ED00979500 /* Debug */,
				D2D88E8B299B33ED00979500 /* Release */,
			);
			defaultConfigurationIsVisible = 0;
			defaultConfigurationName = Release;
		};
		D2D88E8C299B33ED00979500 /* Build configuration list for PBXNativeTarget "YiTVLinkSDKDemoAPP" */ = {
			isa = XCConfigurationList;
			buildConfigurations = (
				D2D88E8D299B33ED00979500 /* Debug */,
				D2D88E8E299B33ED00979500 /* Release */,
			);
			defaultConfigurationIsVisible = 0;
			defaultConfigurationName = Release;
		};
/* End XCConfigurationList section */

/* Begin XCRemoteSwiftPackageReference section */
		D2D88E8F299B345D00979500 /* XCRemoteSwiftPackageReference "YiTVLinkSDK" */ = {
			isa = XCRemoteSwiftPackageReference;
			repositoryURL = "https://github.com/jyrnan/YiTVLinkSDK";
			requirement = {
				branch = main;
				kind = branch;
			};
		};
/* End XCRemoteSwiftPackageReference section */

/* Begin XCSwiftPackageProductDependency section */
		D2D88E90299B345D00979500 /* YiTVLinkSDK */ = {
			isa = XCSwiftPackageProductDependency;
			package = D2D88E8F299B345D00979500 /* XCRemoteSwiftPackageReference "YiTVLinkSDK" */;
			productName = YiTVLinkSDK;
		};
/* End XCSwiftPackageProductDependency section */
	};
	rootObject = D2D88E76299B33EC00979500 /* Project object */;
}
